
Microsoft Visual Studio Solution File, Format Version 12.00
# Visual Studio Version 17
VisualStudioVersion = 17.9.34723.18
MinimumVisualStudioVersion = 10.0.40219.1
Project("{FAE04EC0-301F-11D3-BF4B-00C04F79EFBC}") = "InMemoryCache", "InMemoryCache\InMemoryCache.csproj", "{80E16526-3701-4C0B-9952-070FCCFF5AE8}"
EndProject
Project("{FAE04EC0-301F-11D3-BF4B-00C04F79EFBC}") = "DistCaching", "DistCaching\DistCaching.csproj", "{CC3962F1-2233-4CB3-9D61-E2C3A89D4548}"
EndProject
Global
	GlobalSection(SolutionConfigurationPlatforms) = preSolution
		Debug|Any CPU = Debug|Any CPU
		Release|Any CPU = Release|Any CPU
	EndGlobalSection
	GlobalSection(ProjectConfigurationPlatforms) = postSolution
		{80E16526-3701-4C0B-9952-070FCCFF5AE8}.Debug|Any CPU.ActiveCfg = Debug|Any CPU
		{80E16526-3701-4C0B-9952-070FCCFF5AE8}.Debug|Any CPU.Build.0 = Debug|Any CPU
		{80E16526-3701-4C0B-9952-070FCCFF5AE8}.Release|Any CPU.ActiveCfg = Release|Any CPU
		{80E16526-3701-4C0B-9952-070FCCFF5AE8}.Release|Any CPU.Build.0 = Release|Any CPU
		{CC3962F1-2233-4CB3-9D61-E2C3A89D4548}.Debug|Any CPU.ActiveCfg = Debug|Any CPU
		{CC3962F1-2233-4CB3-9D61-E2C3A89D4548}.Debug|Any CPU.Build.0 = Debug|Any CPU
		{CC3962F1-2233-4CB3-9D61-E2C3A89D4548}.Release|Any CPU.ActiveCfg = Release|Any CPU
		{CC3962F1-2233-4CB3-9D61-E2C3A89D4548}.Release|Any CPU.Build.0 = Release|Any CPU
	EndGlobalSection
	GlobalSection(SolutionProperties) = preSolution
		HideSolutionNode = FALSE
	EndGlobalSection
	GlobalSection(ExtensibilityGlobals) = postSolution
		SolutionGuid = {D2739AF9-70EB-4697-9EA4-15FEDAFB6E00}
	EndGlobalSection
EndGlobal
